
Microsoft Visual Studio Solution File, Format Version 12.00
# Visual Studio Version 16
VisualStudioVersion = 16.0.29613.14
MinimumVisualStudioVersion = 10.0.40219.1
Project("{9A19103F-16F7-4668-BE54-9A1E7A4F7556}") = "EventsOrganizerGameus", "EventsOrganizerGameus\EventsOrganizerGameus.csproj", "{4AA9E223-313C-42DD-836F-D2E3F22E7450}"
EndProject
Project("{9A19103F-16F7-4668-BE54-9A1E7A4F7556}") = "OA.Repo", "OA.Repo\OA.Repo.csproj", "{D6F5BA89-EA82-48CD-B4C2-B7DF34D1803D}"
EndProject
Project("{9A19103F-16F7-4668-BE54-9A1E7A4F7556}") = "OA.CQRS", "OA.CQRS\OA.CQRS.csproj", "{0B438FAE-7900-46F6-9DB8-7BA858CEF59E}"
EndProject
Project("{9A19103F-16F7-4668-BE54-9A1E7A4F7556}") = "OA.Domain", "OA.Domain\OA.Domain.csproj", "{A3064A41-DDCF-4FE6-8A0F-6BC272DE91ED}"
EndProject
Project("{FAE04EC0-301F-11D3-BF4B-00C04F79EFBC}") = "OA.Common", "OA.Common\OA.Common.csproj", "{C74CA958-FEAF-4D45-AB2C-25E74E312487}"
EndProject
Global
	GlobalSection(SolutionConfigurationPlatforms) = preSolution
		Debug|Any CPU = Debug|Any CPU
		Release|Any CPU = Release|Any CPU
	EndGlobalSection
	GlobalSection(ProjectConfigurationPlatforms) = postSolution
		{4AA9E223-313C-42DD-836F-D2E3F22E7450}.Debug|Any CPU.ActiveCfg = Debug|Any CPU
		{4AA9E223-313C-42DD-836F-D2E3F22E7450}.Debug|Any CPU.Build.0 = Debug|Any CPU
		{4AA9E223-313C-42DD-836F-D2E3F22E7450}.Release|Any CPU.ActiveCfg = Release|Any CPU
		{4AA9E223-313C-42DD-836F-D2E3F22E7450}.Release|Any CPU.Build.0 = Release|Any CPU
		{D6F5BA89-EA82-48CD-B4C2-B7DF34D1803D}.Debug|Any CPU.ActiveCfg = Debug|Any CPU
		{D6F5BA89-EA82-48CD-B4C2-B7DF34D1803D}.Debug|Any CPU.Build.0 = Debug|Any CPU
		{D6F5BA89-EA82-48CD-B4C2-B7DF34D1803D}.Release|Any CPU.ActiveCfg = Release|Any CPU
		{D6F5BA89-EA82-48CD-B4C2-B7DF34D1803D}.Release|Any CPU.Build.0 = Release|Any CPU
		{0B438FAE-7900-46F6-9DB8-7BA858CEF59E}.Debug|Any CPU.ActiveCfg = Debug|Any CPU
		{0B438FAE-7900-46F6-9DB8-7BA858CEF59E}.Debug|Any CPU.Build.0 = Debug|Any CPU
		{0B438FAE-7900-46F6-9DB8-7BA858CEF59E}.Release|Any CPU.ActiveCfg = Release|Any CPU
		{0B438FAE-7900-46F6-9DB8-7BA858CEF59E}.Release|Any CPU.Build.0 = Release|Any CPU
		{A3064A41-DDCF-4FE6-8A0F-6BC272DE91ED}.Debug|Any CPU.ActiveCfg = Debug|Any CPU
		{A3064A41-DDCF-4FE6-8A0F-6BC272DE91ED}.Debug|Any CPU.Build.0 = Debug|Any CPU
		{A3064A41-DDCF-4FE6-8A0F-6BC272DE91ED}.Release|Any CPU.ActiveCfg = Release|Any CPU
		{A3064A41-DDCF-4FE6-8A0F-6BC272DE91ED}.Release|Any CPU.Build.0 = Release|Any CPU
		{C74CA958-FEAF-4D45-AB2C-25E74E312487}.Debug|Any CPU.ActiveCfg = Debug|Any CPU
		{C74CA958-FEAF-4D45-AB2C-25E74E312487}.Debug|Any CPU.Build.0 = Debug|Any CPU
		{C74CA958-FEAF-4D45-AB2C-25E74E312487}.Release|Any CPU.ActiveCfg = Release|Any CPU
		{C74CA958-FEAF-4D45-AB2C-25E74E312487}.Release|Any CPU.Build.0 = Release|Any CPU
	EndGlobalSection
	GlobalSection(SolutionProperties) = preSolution
		HideSolutionNode = FALSE
	EndGlobalSection
	GlobalSection(ExtensibilityGlobals) = postSolution
		SolutionGuid = {BE43F511-D82F-4D69-AFEC-E124BCC5FB5D}
	EndGlobalSection
EndGlobal
